
Microsoft Visual Studio Solution File, Format Version 12.00
# Visual Studio 15
VisualStudioVersion = 15.0.28307.902
MinimumVisualStudioVersion = 10.0.40219.1
Project("{FAE04EC0-301F-11D3-BF4B-00C04F79EFBC}") = "Klijent", "Klijent\Klijent.csproj", "{2518B871-3897-4ED1-86F0-180783B5FD92}"
EndProject
Project("{FAE04EC0-301F-11D3-BF4B-00C04F79EFBC}") = "Common", "Common\Common.csproj", "{041BA6BA-3287-438F-8746-3AA5EC54425B}"
EndProject
Project("{FAE04EC0-301F-11D3-BF4B-00C04F79EFBC}") = "Server", "Server\Server.csproj", "{937B3DF8-2F2A-4671-8A3B-C5AA93C5A6B4}"
EndProject
Global
	GlobalSection(SolutionConfigurationPlatforms) = preSolution
		Debug|Any CPU = Debug|Any CPU
		Release|Any CPU = Release|Any CPU
	EndGlobalSection
	GlobalSection(ProjectConfigurationPlatforms) = postSolution
		{2518B871-3897-4ED1-86F0-180783B5FD92}.Debug|Any CPU.ActiveCfg = Debug|Any CPU
		{2518B871-3897-4ED1-86F0-180783B5FD92}.Debug|Any CPU.Build.0 = Debug|Any CPU
		{2518B871-3897-4ED1-86F0-180783B5FD92}.Release|Any CPU.ActiveCfg = Release|Any CPU
		{2518B871-3897-4ED1-86F0-180783B5FD92}.Release|Any CPU.Build.0 = Release|Any CPU
		{041BA6BA-3287-438F-8746-3AA5EC54425B}.Debug|Any CPU.ActiveCfg = Debug|Any CPU
		{041BA6BA-3287-438F-8746-3AA5EC54425B}.Debug|Any CPU.Build.0 = Debug|Any CPU
		{041BA6BA-3287-438F-8746-3AA5EC54425B}.Release|Any CPU.ActiveCfg = Release|Any CPU
		{041BA6BA-3287-438F-8746-3AA5EC54425B}.Release|Any CPU.Build.0 = Release|Any CPU
		{937B3DF8-2F2A-4671-8A3B-C5AA93C5A6B4}.Debug|Any CPU.ActiveCfg = Debug|Any CPU
		{937B3DF8-2F2A-4671-8A3B-C5AA93C5A6B4}.Debug|Any CPU.Build.0 = Debug|Any CPU
		{937B3DF8-2F2A-4671-8A3B-C5AA93C5A6B4}.Release|Any CPU.ActiveCfg = Release|Any CPU
		{937B3DF8-2F2A-4671-8A3B-C5AA93C5A6B4}.Release|Any CPU.Build.0 = Release|Any CPU
	EndGlobalSection
	GlobalSection(SolutionProperties) = preSolution
		HideSolutionNode = FALSE
	EndGlobalSection
	GlobalSection(ExtensibilityGlobals) = postSolution
		SolutionGuid = {53E1E8C3-1542-44C7-A276-04C497A0BF89}
	EndGlobalSection
EndGlobal
